Microsoft Visual Studio Solution File, Format Version 11.00
# Visual Studio 2008

Project("{3A9F215C-61E3-B1A3-C67F-451E452BDEB4}") = "New Ascend", "Assembly-CSharp-vs.csproj", "{106AB25A-0E5D-408C-136C-A4A37A400B12}"
EndProject
Global
	GlobalSection(SolutionConfigurationPlatforms) = preSolution
		Debug|Any CPU = Debug|Any CPU
		Release|Any CPU = Release|Any CPU
	EndGlobalSection
	GlobalSection(ProjectConfigurationPlatforms) = postSolution
		{106AB25A-0E5D-408C-136C-A4A37A400B12}.Debug|Any CPU.ActiveCfg = Debug|Any CPU
		{106AB25A-0E5D-408C-136C-A4A37A400B12}.Debug|Any CPU.Build.0 = Debug|Any CPU
		{106AB25A-0E5D-408C-136C-A4A37A400B12}.Release|Any CPU.ActiveCfg = Release|Any CPU
		{106AB25A-0E5D-408C-136C-A4A37A400B12}.Release|Any CPU.Build.0 = Release|Any CPU
	EndGlobalSection
	GlobalSection(SolutionProperties) = preSolution
		HideSolutionNode = FALSE
	EndGlobalSection
																					GlobalSection(MonoDevelopProperties) = preSolution
		StartupItem = Assembly-CSharp.csproj
		Policies = $0
		$0.TextStylePolicy = $1
		$1.inheritsSet = null
		$1.scope = text/x-csharp
		$0.CSharpFormattingPolicy = $2
		$2.inheritsSet = Mono
		$2.inheritsScope = text/x-csharp
		$2.scope = text/x-csharp
		$0.TextStylePolicy = $3
		$3.FileWidth = 120
		$3.TabWidth = 4
		$3.EolMarker = Unix
		$3.inheritsSet = Mono
		$3.inheritsScope = text/plain
		$3.scope = text/plain
	EndGlobalSection

EndGlobal
